
Microsoft Visual Studio Solution File, Format Version 12.00
# Visual Studio Version 17
VisualStudioVersion = 17.13.35828.75
MinimumVisualStudioVersion = 10.0.40219.1
Project("{FAE04EC0-301F-11D3-BF4B-00C04F79EFBC}") = "ArrayListsErvisTrupja", "ConsoleApp1\ArrayListsErvisTrupja.csproj", "{17C24D71-7EE1-4D82-98CB-11A104065EDA}"
EndProject
Global
	GlobalSection(SolutionConfigurationPlatforms) = preSolution
		Debug|Any CPU = Debug|Any CPU
		Release|Any CPU = Release|Any CPU
	EndGlobalSection
	GlobalSection(ProjectConfigurationPlatforms) = postSolution
		{17C24D71-7EE1-4D82-98CB-11A104065EDA}.Debug|Any CPU.ActiveCfg = Debug|Any CPU
		{17C24D71-7EE1-4D82-98CB-11A104065EDA}.Debug|Any CPU.Build.0 = Debug|Any CPU
		{17C24D71-7EE1-4D82-98CB-11A104065EDA}.Release|Any CPU.ActiveCfg = Release|Any CPU
		{17C24D71-7EE1-4D82-98CB-11A104065EDA}.Release|Any CPU.Build.0 = Release|Any CPU
	EndGlobalSection
	GlobalSection(SolutionProperties) = preSolution
		HideSolutionNode = FALSE
	EndGlobalSection
	GlobalSection(ExtensibilityGlobals) = postSolution
		SolutionGuid = {FA52CC37-6549-4C51-BB96-B4ADCAF1A296}
	EndGlobalSection
EndGlobal
